// !$*UTF8*$!
{
	archiveVersion = 1;
	classes = {
	};
	objectVersion = 46;
	objects = {

/* Begin PBXBuildFile section */
		BC985D061BBF677900CD3098 /* main.m in Sources */ = {isa = PBXBuildFile; fileRef = BC985D051BBF677900CD3098 /* main.m */; };
		BC985D091BBF677900CD3098 /* AppDelegate.m in Sources */ = {isa = PBXBuildFile; fileRef = BC985D081BBF677900CD3098 /* AppDelegate.m */; };
		BC985D0C1BBF677900CD3098 /* ViewController.m in Sources */ = {isa = PBXBuildFile; fileRef = BC985D0B1BBF677900CD3098 /* ViewController.m */; };
		BC985D0F1BBF677900CD3098 /* Main.storyboard in Resources */ = {isa = PBXBuildFile; fileRef = BC985D0D1BBF677900CD3098 /* Main.storyboard */; };
		BC985D111BBF677900CD3098 /* Images.xcassets in Resources */ = {isa = PBXBuildFile; fileRef = BC985D101BBF677900CD3098 /* Images.xcassets */; };
		BC985D141BBF677900CD3098 /* LaunchScreen.xib in Resources */ = {isa = PBXBuildFile; fileRef = BC985D121BBF677900CD3098 /* LaunchScreen.xib */; };
		BC985D201BBF677900CD3098 /* SudokuDemoTests.m in Sources */ = {isa = PBXBuildFile; fileRef = BC985D1F1BBF677900CD3098 /* SudokuDemoTests.m */; };
/* End PBXBuildFile section */

/* Begin PBXContainerItemProxy section */
		BC985D1A1BBF677900CD3098 /* PBXContainerItemProxy */ = {
			isa = PBXContainerItemProxy;
			containerPortal = BC985CF81BBF677900CD3098 /* Project object */;
			proxyType = 1;
			remoteGlobalIDString = BC985CFF1BBF677900CD3098;
			remoteInfo = SudokuDemo;
		};
/* End PBXContainerItemProxy section */

/* Begin PBXFileReference section */
		BC985D001BBF677900CD3098 /* SudokuDemo.app */ = {isa = PBXFileReference; explicitFileType = wrapper.application; includeInIndex = 0; path = SudokuDemo.app; sourceTree = BUILT_PRODUCTS_DIR; };
		BC985D041BBF677900CD3098 /* Info.plist */ = {isa = PBXFileReference; lastKnownFileType = text.plist.xml; path = Info.plist; sourceTree = "<group>"; };
		BC985D051BBF677900CD3098 /* main.m */ = {isa = PBXFileReference; lastKnownFileType = sourcecode.c.objc; path = main.m; sourceTree = "<group>"; };
		BC985D071BBF677900CD3098 /* AppDelegate.h */ = {isa = PBXFileReference; lastKnownFileType = sourcecode.c.h; path = AppDelegate.h; sourceTree = "<group>"; };
		BC985D081BBF677900CD3098 /* AppDelegate.m */ = {isa = PBXFileReference; lastKnownFileType = sourcecode.c.objc; path = AppDelegate.m; sourceTree = "<group>"; };
		BC985D0A1BBF677900CD3098 /* ViewController.h */ = {isa = PBXFileReference; lastKnownFileType = sourcecode.c.h; path = ViewController.h; sourceTree = "<group>"; };
		BC985D0B1BBF677900CD3098 /* ViewController.m */ = {isa = PBXFileReference; lastKnownFileType = sourcecode.c.objc; path = ViewController.m; sourceTree = "<group>"; };
		BC985D0E1BBF677900CD3098 /* Base */ = {isa = PBXFileReference; lastKnownFileType = file.storyboard; name = Base; path = Base.lproj/Main.storyboard; sourceTree = "<group>"; };
		BC985D101BBF677900CD3098 /* Images.xcassets */ = {isa = PBXFileReference; lastKnownFileType = folder.assetcatalog; path = Images.xcassets; sourceTree = "<group>"; };
		BC985D131BBF677900CD3098 /* Base */ = {isa = PBXFileReference; lastKnownFileType = file.xib; name = Base; path = Base.lproj/LaunchScreen.xib; sourceTree = "<group>"; };
		BC985D191BBF677900CD3098 /* SudokuDemoTests.xctest */ = {isa = PBXFileReference; explicitFileType = wrapper.cfbundle; includeInIndex = 0; path = SudokuDemoTests.xctest; sourceTree = BUILT_PRODUCTS_DIR; };
		BC985D1E1BBF677900CD3098 /* Info.plist */ = {isa = PBXFileReference; lastKnownFileType = text.plist.xml; path = Info.plist; sourceTree = "<group>"; };
		BC985D1F1BBF677900CD3098 /* SudokuDemoTests.m */ = {isa = PBXFileReference; lastKnownFileType = sourcecode.c.objc; path = SudokuDemoTests.m; sourceTree = "<group>"; };
/* End PBXFileReference section */

/* Begin PBXFrameworksBuildPhase section */
		BC985CFD1BBF677900CD3098 /* Frameworks */ = {
			isa = PBXFrameworksBuildPhase;
			buildActionMask = 2147483647;
			files = (
			);
			runOnlyForDeploymentPostprocessing = 0;
		};
		BC985D161BBF677900CD3098 /* Frameworks */ = {
			isa = PBXFrameworksBuildPhase;
			buildActionMask = 2147483647;
			files = (
			);
			runOnlyForDeploymentPostprocessing = 0;
		};
/* End PBXFrameworksBuildPhase section */

/* Begin PBXGroup section */
		BC985CF71BBF677900CD3098 = {
			isa = PBXGroup;
			children = (
				BC985D021BBF677900CD3098 /* SudokuDemo */,
				BC985D1C1BBF677900CD3098 /* SudokuDemoTests */,
				BC985D011BBF677900CD3098 /* Products */,
			);
			sourceTree = "<group>";
		};
		BC985D011BBF677900CD3098 /* Products */ = {
			isa = PBXGroup;
			children = (
				BC985D001BBF677900CD3098 /* SudokuDemo.app */,
				BC985D191BBF677900CD3098 /* SudokuDemoTests.xctest */,
			);
			name = Products;
			sourceTree = "<group>";
		};
		BC985D021BBF677900CD3098 /* SudokuDemo */ = {
			isa = PBXGroup;
			children = (
				BC985D071BBF677900CD3098 /* AppDelegate.h */,
				BC985D081BBF677900CD3098 /* AppDelegate.m */,
				BC985D0A1BBF677900CD3098 /* ViewController.h */,
				BC985D0B1BBF677900CD3098 /* ViewController.m */,
				BC985D0D1BBF677900CD3098 /* Main.storyboard */,
				BC985D101BBF677900CD3098 /* Images.xcassets */,
				BC985D121BBF677900CD3098 /* LaunchScreen.xib */,
				BC985D031BBF677900CD3098 /* Supporting Files */,
			);
			path = SudokuDemo;
			sourceTree = "<group>";
		};
		BC985D031BBF677900CD3098 /* Supporting Files */ = {
			isa = PBXGroup;
			children = (
				BC985D041BBF677900CD3098 /* Info.plist */,
				BC985D051BBF677900CD3098 /* main.m */,
			);
			name = "Supporting Files";
			sourceTree = "<group>";
		};
		BC985D1C1BBF677900CD3098 /* SudokuDemoTests */ = {
			isa = PBXGroup;
			children = (
				BC985D1F1BBF677900CD3098 /* SudokuDemoTests.m */,
				BC985D1D1BBF677900CD3098 /* Supporting Files */,
			);
			path = SudokuDemoTests;
			sourceTree = "<group>";
		};
		BC985D1D1BBF677900CD3098 /* Supporting Files */ = {
			isa = PBXGroup;
			children = (
				BC985D1E1BBF677900CD3098 /* Info.plist */,
			);
			name = "Supporting Files";
			sourceTree = "<group>";
		};
/* End PBXGroup section */

/* Begin PBXNativeTarget section */
		BC985CFF1BBF677900CD3098 /* SudokuDemo */ = {
			isa = PBXNativeTarget;
			buildConfigurationList = BC985D231BBF677900CD3098 /* Build configuration list for PBXNativeTarget "SudokuDemo" */;
			buildPhases = (
				BC985CFC1BBF677900CD3098 /* Sources */,
				BC985CFD1BBF677900CD3098 /* Frameworks */,
				BC985CFE1BBF677900CD3098 /* Resources */,
			);
			buildRules = (
			);
			dependencies = (
			);
			name = SudokuDemo;
			productName = SudokuDemo;
			productReference = BC985D001BBF677900CD3098 /* SudokuDemo.app */;
			productType = "com.apple.product-type.application";
		};
		BC985D181BBF677900CD3098 /* SudokuDemoTests */ = {
			isa = PBXNativeTarget;
			buildConfigurationList = BC985D261BBF677900CD3098 /* Build configuration list for PBXNativeTarget "SudokuDemoTests" */;
			buildPhases = (
				BC985D151BBF677900CD3098 /* Sources */,
				BC985D161BBF677900CD3098 /* Frameworks */,
				BC985D171BBF677900CD3098 /* Resources */,
			);
			buildRules = (
			);
			dependencies = (
				BC985D1B1BBF677900CD3098 /* PBXTargetDependency */,
			);
			name = SudokuDemoTests;
			productName = SudokuDemoTests;
			productReference = BC985D191BBF677900CD3098 /* SudokuDemoTests.xctest */;
			productType = "com.apple.product-type.bundle.unit-test";
		};
/* End PBXNativeTarget section */

/* Begin PBXProject section */
		BC985CF81BBF677900CD3098 /* Project object */ = {
			isa = PBXProject;
			attributes = {
				LastUpgradeCheck = 0640;
				ORGANIZATIONNAME = wangli;
				TargetAttributes = {
					BC985CFF1BBF677900CD3098 = {
						CreatedOnToolsVersion = 6.4;
					};
					BC985D181BBF677900CD3098 = {
						CreatedOnToolsVersion = 6.4;
						TestTargetID = BC985CFF1BBF677900CD3098;
					};
				};
			};
			buildConfigurationList = BC985CFB1BBF677900CD3098 /* Build configuration list for PBXProject "SudokuDemo" */;
			compatibilityVersion = "Xcode 3.2";
			developmentRegion = English;
			hasScannedForEncodings = 0;
			knownRegions = (
				en,
				Base,
			);
			mainGroup = BC985CF71BBF677900CD3098;
			productRefGroup = BC985D011BBF677900CD3098 /* Products */;
			projectDirPath = "";
			projectRoot = "";
			targets = (
				BC985CFF1BBF677900CD3098 /* SudokuDemo */,
				BC985D181BBF677900CD3098 /* SudokuDemoTests */,
			);
		};
/* End PBXProject section */

/* Begin PBXResourcesBuildPhase section */
		BC985CFE1BBF677900CD3098 /* Resources */ = {
			isa = PBXResourcesBuildPhase;
			buildActionMask = 2147483647;
			files = (
				BC985D0F1BBF677900CD3098 /* Main.storyboard in Resources */,
				BC985D141BBF677900CD3098 /* LaunchScreen.xib in Resources */,
				BC985D111BBF677900CD3098 /* Images.xcassets in Resources */,
			);
			runOnlyForDeploymentPostprocessing = 0;
		};
		BC985D171BBF677900CD3098 /* Resources */ = {
			isa = PBXResourcesBuildPhase;
			buildActionMask = 2147483647;
			files = (
			);
			runOnlyForDeploymentPostprocessing = 0;
		};
/* End PBXResourcesBuildPhase section */

/* Begin PBXSourcesBuildPhase section */
		BC985CFC1BBF677900CD3098 /* Sources */ = {
			isa = PBXSourcesBuildPhase;
			buildActionMask = 2147483647;
			files = (
				BC985D0C1BBF677900CD3098 /* ViewController.m in Sources */,
				BC985D091BBF677900CD3098 /* AppDelegate.m in Sources */,
				BC985D061BBF677900CD3098 /* main.m in Sources */,
			);
			runOnlyForDeploymentPostprocessing = 0;
		};
		BC985D151BBF677900CD3098 /* Sources */ = {
			isa = PBXSourcesBuildPhase;
			buildActionMask = 2147483647;
			files = (
				BC985D201BBF677900CD3098 /* SudokuDemoTests.m in Sources */,
			);
			runOnlyForDeploymentPostprocessing = 0;
		};
/* End PBXSourcesBuildPhase section */

/* Begin PBXTargetDependency section */
		BC985D1B1BBF677900CD3098 /* PBXTargetDependency */ = {
			isa = PBXTargetDependency;
			target = BC985CFF1BBF677900CD3098 /* SudokuDemo */;
			targetProxy = BC985D1A1BBF677900CD3098 /* PBXContainerItemProxy */;
		};
/* End PBXTargetDependency section */

/* Begin PBXVariantGroup section */
		BC985D0D1BBF677900CD3098 /* Main.storyboard */ = {
			isa = PBXVariantGroup;
			children = (
				BC985D0E1BBF677900CD3098 /* Base */,
			);
			name = Main.storyboard;
			sourceTree = "<group>";
		};
		BC985D121BBF677900CD3098 /* LaunchScreen.xib */ = {
			isa = PBXVariantGroup;
			children = (
				BC985D131BBF677900CD3098 /* Base */,
			);
			name = LaunchScreen.xib;
			sourceTree = "<group>";
		};
/* End PBXVariantGroup section */

/* Begin XCBuildConfiguration section */
		BC985D211BBF677900CD3098 /* Debug */ = {
			isa = XCBuildConfiguration;
			buildSettings = {
				ALWAYS_SEARCH_USER_PATHS = NO;
				CLANG_CXX_LANGUAGE_STANDARD = "gnu++0x";
				CLANG_CXX_LIBRARY = "libc++";
				CLANG_ENABLE_MODULES = YES;
				CLANG_ENABLE_OBJC_ARC = YES;
				CLANG_WARN_BOOL_CONVERSION = YES;
				CLANG_WARN_CONSTANT_CONVERSION = YES;
				CLANG_WARN_DIRECT_OBJC_ISA_USAGE = YES_ERROR;
				CLANG_WARN_EMPTY_BODY = YES;
				CLANG_WARN_ENUM_CONVERSION = YES;
				CLANG_WARN_INT_CONVERSION = YES;
				CLANG_WARN_OBJC_ROOT_CLASS = YES_ERROR;
				CLANG_WARN_UNREACHABLE_CODE = YES;
				CLANG_WARN__DUPLICATE_METHOD_MATCH = YES;
				"CODE_SIGN_IDENTITY[sdk=iphoneos*]" = "iPhone Developer";
				COPY_PHASE_STRIP = NO;
				DEBUG_INFORMATION_FORMAT = "dwarf-with-dsym";
				ENABLE_STRICT_OBJC_MSGSEND = YES;
				GCC_C_LANGUAGE_STANDARD = gnu99;
				GCC_DYNAMIC_NO_PIC = NO;
				GCC_NO_COMMON_BLOCKS = YES;
				GCC_OPTIMIZATION_LEVEL = 0;
				GCC_PREPROCESSOR_DEFINITIONS = (
					"DEBUG=1",
					"$(inherited)",
				);
				GCC_SYMBOLS_PRIVATE_EXTERN = NO;
				GCC_WARN_64_TO_32_BIT_CONVERSION = YES;
				GCC_WARN_ABOUT_RETURN_TYPE = YES_ERROR;
				GCC_WARN_UNDECLARED_SELECTOR = YES;
				GCC_WARN_UNINITIALIZED_AUTOS = YES_AGGRESSIVE;
				GCC_WARN_UNUSED_FUNCTION = YES;
				GCC_WARN_UNUSED_VARIABLE = YES;
				IPHONEOS_DEPLOYMENT_TARGET = 8.4;
				MTL_ENABLE_DEBUG_INFO = YES;
				ONLY_ACTIVE_ARCH = YES;
				SDKROOT = iphoneos;
			};
			name = Debug;
		};
		BC985D221BBF677900CD3098 /* Release */ = {
			isa = XCBuildConfiguration;
			buildSettings = {
				ALWAYS_SEARCH_USER_PATHS = NO;
				CLANG_CXX_LANGUAGE_STANDARD = "gnu++0x";
				CLANG_CXX_LIBRARY = "libc++";
				CLANG_ENABLE_MODULES = YES;
				CLANG_ENABLE_OBJC_ARC = YES;
				CLANG_WARN_BOOL_CONVERSION = YES;
				CLANG_WARN_CONSTANT_CONVERSION = YES;
				CLANG_WARN_DIRECT_OBJC_ISA_USAGE = YES_ERROR;
				CLANG_WARN_EMPTY_BODY = YES;
				CLANG_WARN_ENUM_CONVERSION = YES;
				CLANG_WARN_INT_CONVERSION = YES;
				CLANG_WARN_OBJC_ROOT_CLASS = YES_ERROR;
				CLANG_WARN_UNREACHABLE_CODE = YES;
				CLANG_WARN__DUPLICATE_METHOD_MATCH = YES;
				"CODE_SIGN_IDENTITY[sdk=iphoneos*]" = "iPhone Developer";
				COPY_PHASE_STRIP = NO;
				DEBUG_INFORMATION_FORMAT = "dwarf-with-dsym";
				ENABLE_NS_ASSERTIONS = NO;
				ENABLE_STRICT_OBJC_MSGSEND = YES;
				GCC_C_LANGUAGE_STANDARD = gnu99;
				GCC_NO_COMMON_BLOCKS = YES;
				GCC_WARN_64_TO_32_BIT_CONVERSION = YES;
				GCC_WARN_ABOUT_RETURN_TYPE = YES_ERROR;
				GCC_WARN_UNDECLARED_SELECTOR = YES;
				GCC_WARN_UNINITIALIZED_AUTOS = YES_AGGRESSIVE;
				GCC_WARN_UNUSED_FUNCTION = YES;
				GCC_WARN_UNUSED_VARIABLE = YES;
				IPHONEOS_DEPLOYMENT_TARGET = 8.4;
				MTL_ENABLE_DEBUG_INFO = NO;
				SDKROOT = iphoneos;
				VALIDATE_PRODUCT = YES;
			};
			name = Release;
		};
		BC985D241BBF677900CD3098 /* Debug */ = {
			isa = XCBuildConfiguration;
			buildSettings = {
				ASSETCATALOG_COMPILER_APPICON_NAME = AppIcon;
				INFOPLIST_FILE = SudokuDemo/Info.plist;
				LD_RUNPATH_SEARCH_PATHS = "$(inherited) @executable_path/Frameworks";
				PRODUCT_NAME = "$(TARGET_NAME)";
			};
			name = Debug;
		};
		BC985D251BBF677900CD3098 /* Release */ = {
			isa = XCBuildConfiguration;
			buildSettings = {
				ASSETCATALOG_COMPILER_APPICON_NAME = AppIcon;
				INFOPLIST_FILE = SudokuDemo/Info.plist;
				LD_RUNPATH_SEARCH_PATHS = "$(inherited) @executable_path/Frameworks";
				PRODUCT_NAME = "$(TARGET_NAME)";
			};
			name = Release;
		};
		BC985D271BBF677900CD3098 /* Debug */ = {
			isa = XCBuildConfiguration;
			buildSettings = {
				BUNDLE_LOADER = "$(TEST_HOST)";
				FRAMEWORK_SEARCH_PATHS = (
					"$(SDKROOT)/Developer/Library/Frameworks",
					"$(inherited)",
				);
				GCC_PREPROCESSOR_DEFINITIONS = (
					"DEBUG=1",
					"$(inherited)",
				);
				INFOPLIST_FILE = SudokuDemoTests/Info.plist;
				LD_RUNPATH_SEARCH_PATHS = "$(inherited) @executable_path/Frameworks @loader_path/Frameworks";
				PRODUCT_NAME = "$(TARGET_NAME)";
				TEST_HOST = "$(BUILT_PRODUCTS_DIR)/SudokuDemo.app/SudokuDemo";
			};
			name = Debug;
		};
		BC985D281BBF677900CD3098 /* Release */ = {
			isa = XCBuildConfiguration;
			buildSettings = {
				BUNDLE_LOADER = "$(TEST_HOST)";
				FRAMEWORK_SEARCH_PATHS = (
					"$(SDKROOT)/Developer/Library/Frameworks",
					"$(inherited)",
				);
				INFOPLIST_FILE = SudokuDemoTests/Info.plist;
				LD_RUNPATH_SEARCH_PATHS = "$(inherited) @executable_path/Frameworks @loader_path/Frameworks";
				PRODUCT_NAME = "$(TARGET_NAME)";
				TEST_HOST = "$(BUILT_PRODUCTS_DIR)/SudokuDemo.app/SudokuDemo";
			};
			name = Release;
		};
/* End XCBuildConfiguration section */

/* Begin XCConfigurationList section */
		BC985CFB1BBF677900CD3098 /* Build configuration list for PBXProject "SudokuDemo" */ = {
			isa = XCConfigurationList;
			buildConfigurations = (
				BC985D211BBF677900CD3098 /* Debug */,
				BC985D221BBF677900CD3098 /* Release */,
			);
			defaultConfigurationIsVisible = 0;
			defaultConfigurationName = Release;
		};
		BC985D231BBF677900CD3098 /* Build configuration list for PBXNativeTarget "SudokuDemo" */ = {
			isa = XCConfigurationList;
			buildConfigurations = (
				BC985D241BBF677900CD3098 /* Debug */,
				BC985D251BBF677900CD3098 /* Release */,
			);
			defaultConfigurationIsVisible = 0;
		};
		BC985D261BBF677900CD3098 /* Build configuration list for PBXNativeTarget "SudokuDemoTests" */ = {
			isa = XCConfigurationList;
			buildConfigurations = (
				BC985D271BBF677900CD3098 /* Debug */,
				BC985D281BBF677900CD3098 /* Release */,
			);
			defaultConfigurationIsVisible = 0;
		};
/* End XCConfigurationList section */
	};
	rootObject = BC985CF81BBF677900CD3098 /* Project object */;
}
